
Microsoft Visual Studio Solution File, Format Version 12.00
# Visual Studio 2012
Project("{FAE04EC0-301F-11D3-BF4B-00C04F79EFBC}") = "CilTK", "CilTK\CilTK.csproj", "{2BB73334-5E30-4A65-A8FB-6E07E2663870}"
EndProject
Project("{FAE04EC0-301F-11D3-BF4B-00C04F79EFBC}") = "Rewriter", "Rewriter\Rewriter.csproj", "{60430B2C-945C-453A-8181-FE6BCC530AE2}"
EndProject
Project("{FAE04EC0-301F-11D3-BF4B-00C04F79EFBC}") = "UnitTests", "UnitTests\UnitTests.csproj", "{EB959322-F332-4F61-994A-4FCC9C39EC9D}"
EndProject
Global
	GlobalSection(SolutionConfigurationPlatforms) = preSolution
		Debug|Any CPU = Debug|Any CPU
		Release|Any CPU = Release|Any CPU
	EndGlobalSection
	GlobalSection(ProjectConfigurationPlatforms) = postSolution
		{2BB73334-5E30-4A65-A8FB-6E07E2663870}.Debug|Any CPU.ActiveCfg = Debug|Any CPU
		{2BB73334-5E30-4A65-A8FB-6E07E2663870}.Debug|Any CPU.Build.0 = Debug|Any CPU
		{2BB73334-5E30-4A65-A8FB-6E07E2663870}.Release|Any CPU.ActiveCfg = Release|Any CPU
		{2BB73334-5E30-4A65-A8FB-6E07E2663870}.Release|Any CPU.Build.0 = Release|Any CPU
		{60430B2C-945C-453A-8181-FE6BCC530AE2}.Debug|Any CPU.ActiveCfg = Debug|Any CPU
		{60430B2C-945C-453A-8181-FE6BCC530AE2}.Debug|Any CPU.Build.0 = Debug|Any CPU
		{60430B2C-945C-453A-8181-FE6BCC530AE2}.Release|Any CPU.ActiveCfg = Release|Any CPU
		{60430B2C-945C-453A-8181-FE6BCC530AE2}.Release|Any CPU.Build.0 = Release|Any CPU
		{EB959322-F332-4F61-994A-4FCC9C39EC9D}.Debug|Any CPU.ActiveCfg = Debug|Any CPU
		{EB959322-F332-4F61-994A-4FCC9C39EC9D}.Debug|Any CPU.Build.0 = Debug|Any CPU
		{EB959322-F332-4F61-994A-4FCC9C39EC9D}.Release|Any CPU.ActiveCfg = Release|Any CPU
		{EB959322-F332-4F61-994A-4FCC9C39EC9D}.Release|Any CPU.Build.0 = Release|Any CPU
	EndGlobalSection
	GlobalSection(SolutionProperties) = preSolution
		HideSolutionNode = FALSE
	EndGlobalSection
EndGlobal
